
Microsoft Visual Studio Solution File, Format Version 12.00
# Visual Studio Version 16
VisualStudioVersion = 16.0.32106.194
MinimumVisualStudioVersion = 10.0.40219.1
Project("{FAE04EC0-301F-11D3-BF4B-00C04F79EFBC}") = "AgendaPacientes", "AgendaPacientes\AgendaPacientes.csproj", "{35A9A319-5CEF-4175-B643-2A9BCC8A4C67}"
EndProject
Global
	GlobalSection(SolutionConfigurationPlatforms) = preSolution
		Debug|Any CPU = Debug|Any CPU
		Release|Any CPU = Release|Any CPU
	EndGlobalSection
	GlobalSection(ProjectConfigurationPlatforms) = postSolution
		{35A9A319-5CEF-4175-B643-2A9BCC8A4C67}.Debug|Any CPU.ActiveCfg = Debug|Any CPU
		{35A9A319-5CEF-4175-B643-2A9BCC8A4C67}.Debug|Any CPU.Build.0 = Debug|Any CPU
		{35A9A319-5CEF-4175-B643-2A9BCC8A4C67}.Release|Any CPU.ActiveCfg = Release|Any CPU
		{35A9A319-5CEF-4175-B643-2A9BCC8A4C67}.Release|Any CPU.Build.0 = Release|Any CPU
	EndGlobalSection
	GlobalSection(SolutionProperties) = preSolution
		HideSolutionNode = FALSE
	EndGlobalSection
	GlobalSection(ExtensibilityGlobals) = postSolution
		SolutionGuid = {4F4C0ECC-31B2-4152-9002-6CF37E0727FC}
	EndGlobalSection
EndGlobal
